
Microsoft Visual Studio Solution File, Format Version 12.00
# Visual Studio Version 17
VisualStudioVersion = 17.10.34928.147
MinimumVisualStudioVersion = 10.0.40219.1
Project("{FAE04EC0-301F-11D3-BF4B-00C04F79EFBC}") = "PII", "PII\PII.csproj", "{B63BB606-12DA-43D2-9E27-54EB2F2E4DB3}"
EndProject
Global
	GlobalSection(SolutionConfigurationPlatforms) = preSolution
		Debug|Any CPU = Debug|Any CPU
		Release|Any CPU = Release|Any CPU
	EndGlobalSection
	GlobalSection(ProjectConfigurationPlatforms) = postSolution
		{B63BB606-12DA-43D2-9E27-54EB2F2E4DB3}.Debug|Any CPU.ActiveCfg = Debug|Any CPU
		{B63BB606-12DA-43D2-9E27-54EB2F2E4DB3}.Debug|Any CPU.Build.0 = Debug|Any CPU
		{B63BB606-12DA-43D2-9E27-54EB2F2E4DB3}.Release|Any CPU.ActiveCfg = Release|Any CPU
		{B63BB606-12DA-43D2-9E27-54EB2F2E4DB3}.Release|Any CPU.Build.0 = Release|Any CPU
	EndGlobalSection
	GlobalSection(SolutionProperties) = preSolution
		HideSolutionNode = FALSE
	EndGlobalSection
	GlobalSection(ExtensibilityGlobals) = postSolution
		SolutionGuid = {EC3006E3-4F2C-4317-9456-19846126B018}
	EndGlobalSection
EndGlobal
